
Microsoft Visual Studio Solution File, Format Version 12.00
# Visual Studio Version 17
VisualStudioVersion = 17.7.34202.233
MinimumVisualStudioVersion = 10.0.40219.1
Project("{FAE04EC0-301F-11D3-BF4B-00C04F79EFBC}") = "GraphTableDFT", "GraphTableDFT\GraphTableDFT.csproj", "{D1F63A96-3265-4F93-93A2-490B85EC395A}"
EndProject
Global
	GlobalSection(SolutionConfigurationPlatforms) = preSolution
		Debug|Any CPU = Debug|Any CPU
		Release|Any CPU = Release|Any CPU
	EndGlobalSection
	GlobalSection(ProjectConfigurationPlatforms) = postSolution
		{D1F63A96-3265-4F93-93A2-490B85EC395A}.Debug|Any CPU.ActiveCfg = Debug|Any CPU
		{D1F63A96-3265-4F93-93A2-490B85EC395A}.Debug|Any CPU.Build.0 = Debug|Any CPU
		{D1F63A96-3265-4F93-93A2-490B85EC395A}.Release|Any CPU.ActiveCfg = Release|Any CPU
		{D1F63A96-3265-4F93-93A2-490B85EC395A}.Release|Any CPU.Build.0 = Release|Any CPU
	EndGlobalSection
	GlobalSection(SolutionProperties) = preSolution
		HideSolutionNode = FALSE
	EndGlobalSection
	GlobalSection(ExtensibilityGlobals) = postSolution
		SolutionGuid = {E1072A6F-D485-4E58-8430-F3CB98C40BF9}
	EndGlobalSection
EndGlobal
